
Microsoft Visual Studio Solution File, Format Version 12.00
Project("{FAE04EC0-301F-11D3-BF4B-00C04F79EFBC}") = "ConsoleAppStrategyPattern", "ConsoleAppStrategyPattern\ConsoleAppStrategyPattern.csproj", "{162D945C-163C-48EC-848C-8C618C71C820}"
EndProject
Global
	GlobalSection(SolutionConfigurationPlatforms) = preSolution
		Debug|Any CPU = Debug|Any CPU
		Release|Any CPU = Release|Any CPU
	EndGlobalSection
	GlobalSection(ProjectConfigurationPlatforms) = postSolution
		{162D945C-163C-48EC-848C-8C618C71C820}.Debug|Any CPU.ActiveCfg = Debug|Any CPU
		{162D945C-163C-48EC-848C-8C618C71C820}.Debug|Any CPU.Build.0 = Debug|Any CPU
		{162D945C-163C-48EC-848C-8C618C71C820}.Release|Any CPU.ActiveCfg = Release|Any CPU
		{162D945C-163C-48EC-848C-8C618C71C820}.Release|Any CPU.Build.0 = Release|Any CPU
	EndGlobalSection
EndGlobal
